
Microsoft Visual Studio Solution File, Format Version 12.00
# Visual Studio Version 16
VisualStudioVersion = 16.0.31129.286
MinimumVisualStudioVersion = 10.0.40219.1
Project("{FAE04EC0-301F-11D3-BF4B-00C04F79EFBC}") = "Vesuvius", "Vesuvius\Vesuvius.csproj", "{363E3282-7C2D-46F7-8C17-4234129A01B7}"
EndProject
Global
	GlobalSection(SolutionConfigurationPlatforms) = preSolution
		Debug|Any CPU = Debug|Any CPU
		Release|Any CPU = Release|Any CPU
	EndGlobalSection
	GlobalSection(ProjectConfigurationPlatforms) = postSolution
		{363E3282-7C2D-46F7-8C17-4234129A01B7}.Debug|Any CPU.ActiveCfg = Debug|Any CPU
		{363E3282-7C2D-46F7-8C17-4234129A01B7}.Debug|Any CPU.Build.0 = Debug|Any CPU
		{363E3282-7C2D-46F7-8C17-4234129A01B7}.Release|Any CPU.ActiveCfg = Release|Any CPU
		{363E3282-7C2D-46F7-8C17-4234129A01B7}.Release|Any CPU.Build.0 = Release|Any CPU
	EndGlobalSection
	GlobalSection(SolutionProperties) = preSolution
		HideSolutionNode = FALSE
	EndGlobalSection
	GlobalSection(ExtensibilityGlobals) = postSolution
		SolutionGuid = {EC14CDD0-9DEC-4E88-B6E4-F4F02266EF59}
	EndGlobalSection
EndGlobal
